
Microsoft Visual Studio Solution File, Format Version 12.00
# Visual Studio 15
VisualStudioVersion = 15.0.27130.2020
MinimumVisualStudioVersion = 10.0.40219.1
Project("{FAE04EC0-301F-11D3-BF4B-00C04F79EFBC}") = "OJewelry", "OJewelry\OJewelry.csproj", "{C2166AAB-8563-4726-9A6D-BA1892D8B0DF}"
EndProject
Global
	GlobalSection(SolutionConfigurationPlatforms) = preSolution
		Debug|Any CPU = Debug|Any CPU
		Release|Any CPU = Release|Any CPU
	EndGlobalSection
	GlobalSection(ProjectConfigurationPlatforms) = postSolution
		{C2166AAB-8563-4726-9A6D-BA1892D8B0DF}.Debug|Any CPU.ActiveCfg = Debug|Any CPU
		{C2166AAB-8563-4726-9A6D-BA1892D8B0DF}.Debug|Any CPU.Build.0 = Debug|Any CPU
		{C2166AAB-8563-4726-9A6D-BA1892D8B0DF}.Release|Any CPU.ActiveCfg = Release|Any CPU
		{C2166AAB-8563-4726-9A6D-BA1892D8B0DF}.Release|Any CPU.Build.0 = Release|Any CPU
	EndGlobalSection
	GlobalSection(SolutionProperties) = preSolution
		HideSolutionNode = FALSE
	EndGlobalSection
	GlobalSection(ExtensibilityGlobals) = postSolution
		SolutionGuid = {79A3F2E6-FD5F-4A51-8C61-751CE56CD80A}
	EndGlobalSection
EndGlobal
